// !$*UTF8*$!
{
	archiveVersion = 1;
	classes = {
	};
	objectVersion = 46;
	objects = {

/* Begin PBXBuildFile section */
		0E28CCBE10B770FDC7442BED /* Pods_Sink_or_Swim.framework in Frameworks */ = {isa = PBXBuildFile; fileRef = B079545E6B8C148C6EFF8BE9 /* Pods_Sink_or_Swim.framework */; };
		27051A9A1F5EF25A0072EBF6 /* AppDelegate.swift in Sources */ = {isa = PBXBuildFile; fileRef = 27051A991F5EF25A0072EBF6 /* AppDelegate.swift */; };
		27051A9F1F5EF25A0072EBF6 /* Main.storyboard in Resources */ = {isa = PBXBuildFile; fileRef = 27051A9D1F5EF25A0072EBF6 /* Main.storyboard */; };
		27051AA11F5EF25A0072EBF6 /* Assets.xcassets in Resources */ = {isa = PBXBuildFile; fileRef = 27051AA01F5EF25A0072EBF6 /* Assets.xcassets */; };
		27051AA41F5EF25A0072EBF6 /* LaunchScreen.storyboard in Resources */ = {isa = PBXBuildFile; fileRef = 27051AA21F5EF25A0072EBF6 /* LaunchScreen.storyboard */; };
		27051AAC1F5EF2650072EBF6 /* Podfile in Resources */ = {isa = PBXBuildFile; fileRef = 27051AAB1F5EF2650072EBF6 /* Podfile */; };
		279153D51F6223FB00E1A7C0 /* PostWebBrowserViewController.swift in Sources */ = {isa = PBXBuildFile; fileRef = 279153D41F6223FB00E1A7C0 /* PostWebBrowserViewController.swift */; };
		279153D71F622E2F00E1A7C0 /* CustomModalViewController.swift in Sources */ = {isa = PBXBuildFile; fileRef = 279153D61F622E2F00E1A7C0 /* CustomModalViewController.swift */; };
		279153DA1F622EC300E1A7C0 /* CustomModalView.swift in Sources */ = {isa = PBXBuildFile; fileRef = 279153D91F622EC300E1A7C0 /* CustomModalView.swift */; };
		27B371A41F610EF0004BED17 /* KitchenSinkViewController.swift in Sources */ = {isa = PBXBuildFile; fileRef = 27B371A31F610EF0004BED17 /* KitchenSinkViewController.swift */; };
		27B371A61F61254C004BED17 /* ScrollViewController.swift in Sources */ = {isa = PBXBuildFile; fileRef = 27B371A51F61254C004BED17 /* ScrollViewController.swift */; };
		27B371A81F619793004BED17 /* AdvertisementCell.swift in Sources */ = {isa = PBXBuildFile; fileRef = 27B371A71F619793004BED17 /* AdvertisementCell.swift */; };
		27D1659C1F5EF44800A57CF0 /* PostListViewController.swift in Sources */ = {isa = PBXBuildFile; fileRef = 27D1659B1F5EF44800A57CF0 /* PostListViewController.swift */; };
		27D1659E1F5EF56F00A57CF0 /* RedditAPI.swift in Sources */ = {isa = PBXBuildFile; fileRef = 27D1659D1F5EF56F00A57CF0 /* RedditAPI.swift */; };
		27D165A01F5EFC4F00A57CF0 /* LinkCell.swift in Sources */ = {isa = PBXBuildFile; fileRef = 27D1659F1F5EFC4F00A57CF0 /* LinkCell.swift */; };
		27D165A91F5F062300A57CF0 /* RedditLink.swift in Sources */ = {isa = PBXBuildFile; fileRef = 27D165A81F5F062300A57CF0 /* RedditLink.swift */; };
		27D165AB1F5F06B500A57CF0 /* RedditThing.swift in Sources */ = {isa = PBXBuildFile; fileRef = 27D165AA1F5F06B500A57CF0 /* RedditThing.swift */; };
		27D165AD1F5F06D600A57CF0 /* RedditName.swift in Sources */ = {isa = PBXBuildFile; fileRef = 27D165AC1F5F06D600A57CF0 /* RedditName.swift */; };
/* End PBXBuildFile section */

/* Begin PBXFileReference section */
		216F81F46E3C0768412FCD69 /* Pods-Sink or Swim.release.xcconfig */ = {isa = PBXFileReference; includeInIndex = 1; lastKnownFileType = text.xcconfig; name = "Pods-Sink or Swim.release.xcconfig"; path = "Pods/Target Support Files/Pods-Sink or Swim/Pods-Sink or Swim.release.xcconfig"; sourceTree = "<group>"; };
		27051A961F5EF25A0072EBF6 /* Sink or Swim.app */ = {isa = PBXFileReference; explicitFileType = wrapper.application; includeInIndex = 0; path = "Sink or Swim.app"; sourceTree = BUILT_PRODUCTS_DIR; };
		27051A991F5EF25A0072EBF6 /* AppDelegate.swift */ = {isa = PBXFileReference; lastKnownFileType = sourcecode.swift; path = AppDelegate.swift; sourceTree = "<group>"; };
		27051A9E1F5EF25A0072EBF6 /* Base */ = {isa = PBXFileReference; lastKnownFileType = file.storyboard; name = Base; path = Base.lproj/Main.storyboard; sourceTree = "<group>"; };
		27051AA01F5EF25A0072EBF6 /* Assets.xcassets */ = {isa = PBXFileReference; lastKnownFileType = folder.assetcatalog; path = Assets.xcassets; sourceTree = "<group>"; };
		27051AA31F5EF25A0072EBF6 /* Base */ = {isa = PBXFileReference; lastKnownFileType = file.storyboard; name = Base; path = Base.lproj/LaunchScreen.storyboard; sourceTree = "<group>"; };
		27051AA51F5EF25A0072EBF6 /* Info.plist */ = {isa = PBXFileReference; lastKnownFileType = text.plist.xml; path = Info.plist; sourceTree = "<group>"; };
		27051AAB1F5EF2650072EBF6 /* Podfile */ = {isa = PBXFileReference; fileEncoding = 4; lastKnownFileType = text; path = Podfile; sourceTree = "<group>"; xcLanguageSpecificationIdentifier = xcode.lang.ruby; };
		279153D41F6223FB00E1A7C0 /* PostWebBrowserViewController.swift */ = {isa = PBXFileReference; fileEncoding = 4; lastKnownFileType = sourcecode.swift; path = PostWebBrowserViewController.swift; sourceTree = "<group>"; };
		279153D61F622E2F00E1A7C0 /* CustomModalViewController.swift */ = {isa = PBXFileReference; fileEncoding = 4; lastKnownFileType = sourcecode.swift; path = CustomModalViewController.swift; sourceTree = "<group>"; };
		279153D91F622EC300E1A7C0 /* CustomModalView.swift */ = {isa = PBXFileReference; fileEncoding = 4; lastKnownFileType = sourcecode.swift; path = CustomModalView.swift; sourceTree = "<group>"; };
		27B371A31F610EF0004BED17 /* KitchenSinkViewController.swift */ = {isa = PBXFileReference; fileEncoding = 4; lastKnownFileType = sourcecode.swift; path = KitchenSinkViewController.swift; sourceTree = "<group>"; };
		27B371A51F61254C004BED17 /* ScrollViewController.swift */ = {isa = PBXFileReference; fileEncoding = 4; lastKnownFileType = sourcecode.swift; path = ScrollViewController.swift; sourceTree = "<group>"; };
		27B371A71F619793004BED17 /* AdvertisementCell.swift */ = {isa = PBXFileReference; fileEncoding = 4; lastKnownFileType = sourcecode.swift; path = AdvertisementCell.swift; sourceTree = "<group>"; };
		27D1659B1F5EF44800A57CF0 /* PostListViewController.swift */ = {isa = PBXFileReference; fileEncoding = 4; lastKnownFileType = sourcecode.swift; path = PostListViewController.swift; sourceTree = "<group>"; };
		27D1659D1F5EF56F00A57CF0 /* RedditAPI.swift */ = {isa = PBXFileReference; fileEncoding = 4; lastKnownFileType = sourcecode.swift; path = RedditAPI.swift; sourceTree = "<group>"; };
		27D1659F1F5EFC4F00A57CF0 /* LinkCell.swift */ = {isa = PBXFileReference; fileEncoding = 4; lastKnownFileType = sourcecode.swift; path = LinkCell.swift; sourceTree = "<group>"; };
		27D165A81F5F062300A57CF0 /* RedditLink.swift */ = {isa = PBXFileReference; fileEncoding = 4; lastKnownFileType = sourcecode.swift; path = RedditLink.swift; sourceTree = "<group>"; };
		27D165AA1F5F06B500A57CF0 /* RedditThing.swift */ = {isa = PBXFileReference; fileEncoding = 4; lastKnownFileType = sourcecode.swift; path = RedditThing.swift; sourceTree = "<group>"; };
		27D165AC1F5F06D600A57CF0 /* RedditName.swift */ = {isa = PBXFileReference; fileEncoding = 4; lastKnownFileType = sourcecode.swift; path = RedditName.swift; sourceTree = "<group>"; };
		6B08648F34B79F48DA1235FF /* Pods-Sink or Swim.debug.xcconfig */ = {isa = PBXFileReference; includeInIndex = 1; lastKnownFileType = text.xcconfig; name = "Pods-Sink or Swim.debug.xcconfig"; path = "Pods/Target Support Files/Pods-Sink or Swim/Pods-Sink or Swim.debug.xcconfig"; sourceTree = "<group>"; };
		B079545E6B8C148C6EFF8BE9 /* Pods_Sink_or_Swim.framework */ = {isa = PBXFileReference; explicitFileType = wrapper.framework; includeInIndex = 0; path = Pods_Sink_or_Swim.framework; sourceTree = BUILT_PRODUCTS_DIR; };
/* End PBXFileReference section */

/* Begin PBXFrameworksBuildPhase section */
		27051A931F5EF25A0072EBF6 /* Frameworks */ = {
			isa = PBXFrameworksBuildPhase;
			buildActionMask = 2147483647;
			files = (
				0E28CCBE10B770FDC7442BED /* Pods_Sink_or_Swim.framework in Frameworks */,
			);
			runOnlyForDeploymentPostprocessing = 0;
		};
/* End PBXFrameworksBuildPhase section */

/* Begin PBXGroup section */
		27051A8D1F5EF25A0072EBF6 = {
			isa = PBXGroup;
			children = (
				27051AAB1F5EF2650072EBF6 /* Podfile */,
				27051A981F5EF25A0072EBF6 /* Sink or Swim */,
				27051A971F5EF25A0072EBF6 /* Products */,
				5C99637EB1624E48E9B78492 /* Pods */,
				90F892BA78031DCCF4E3120F /* Frameworks */,
			);
			sourceTree = "<group>";
		};
		27051A971F5EF25A0072EBF6 /* Products */ = {
			isa = PBXGroup;
			children = (
				27051A961F5EF25A0072EBF6 /* Sink or Swim.app */,
			);
			name = Products;
			sourceTree = "<group>";
		};
		27051A981F5EF25A0072EBF6 /* Sink or Swim */ = {
			isa = PBXGroup;
			children = (
				27051A991F5EF25A0072EBF6 /* AppDelegate.swift */,
				27B371AA1F619881004BED17 /* Storyboards */,
				27B371A91F619878004BED17 /* Cells */,
				27D165A51F5F054400A57CF0 /* Reddit */,
				279153B31F61CE6000E1A7C0 /* View Controllers */,
				279153D81F622E5200E1A7C0 /* Custom Modal */,
				27051AA01F5EF25A0072EBF6 /* Assets.xcassets */,
				27051AA51F5EF25A0072EBF6 /* Info.plist */,
			);
			path = "Sink or Swim";
			sourceTree = "<group>";
		};
		279153B31F61CE6000E1A7C0 /* View Controllers */ = {
			isa = PBXGroup;
			children = (
				27D1659B1F5EF44800A57CF0 /* PostListViewController.swift */,
				27B371A31F610EF0004BED17 /* KitchenSinkViewController.swift */,
				27B371A51F61254C004BED17 /* ScrollViewController.swift */,
				279153D41F6223FB00E1A7C0 /* PostWebBrowserViewController.swift */,
			);
			name = "View Controllers";
			sourceTree = "<group>";
		};
		279153D81F622E5200E1A7C0 /* Custom Modal */ = {
			isa = PBXGroup;
			children = (
				279153D61F622E2F00E1A7C0 /* CustomModalViewController.swift */,
				279153D91F622EC300E1A7C0 /* CustomModalView.swift */,
			);
			name = "Custom Modal";
			sourceTree = "<group>";
		};
		27B371A91F619878004BED17 /* Cells */ = {
			isa = PBXGroup;
			children = (
				27D1659F1F5EFC4F00A57CF0 /* LinkCell.swift */,
				27B371A71F619793004BED17 /* AdvertisementCell.swift */,
			);
			name = Cells;
			sourceTree = "<group>";
		};
		27B371AA1F619881004BED17 /* Storyboards */ = {
			isa = PBXGroup;
			children = (
				27051A9D1F5EF25A0072EBF6 /* Main.storyboard */,
				27051AA21F5EF25A0072EBF6 /* LaunchScreen.storyboard */,
			);
			name = Storyboards;
			sourceTree = "<group>";
		};
		27D165A51F5F054400A57CF0 /* Reddit */ = {
			isa = PBXGroup;
			children = (
				27D1659D1F5EF56F00A57CF0 /* RedditAPI.swift */,
				27D165A81F5F062300A57CF0 /* RedditLink.swift */,
				27D165AA1F5F06B500A57CF0 /* RedditThing.swift */,
				27D165AC1F5F06D600A57CF0 /* RedditName.swift */,
			);
			name = Reddit;
			sourceTree = "<group>";
		};
		5C99637EB1624E48E9B78492 /* Pods */ = {
			isa = PBXGroup;
			children = (
				6B08648F34B79F48DA1235FF /* Pods-Sink or Swim.debug.xcconfig */,
				216F81F46E3C0768412FCD69 /* Pods-Sink or Swim.release.xcconfig */,
			);
			name = Pods;
			sourceTree = "<group>";
		};
		90F892BA78031DCCF4E3120F /* Frameworks */ = {
			isa = PBXGroup;
			children = (
				B079545E6B8C148C6EFF8BE9 /* Pods_Sink_or_Swim.framework */,
			);
			name = Frameworks;
			sourceTree = "<group>";
		};
/* End PBXGroup section */

/* Begin PBXNativeTarget section */
		27051A951F5EF25A0072EBF6 /* Sink or Swim */ = {
			isa = PBXNativeTarget;
			buildConfigurationList = 27051AA81F5EF25B0072EBF6 /* Build configuration list for PBXNativeTarget "Sink or Swim" */;
			buildPhases = (
				80C9F466E143529004637DA5 /* [CP] Check Pods Manifest.lock */,
				27051A921F5EF25A0072EBF6 /* Sources */,
				27051A931F5EF25A0072EBF6 /* Frameworks */,
				27051A941F5EF25A0072EBF6 /* Resources */,
				2D63B0F2660C1A3E9AEAB8C2 /* [CP] Embed Pods Frameworks */,
				AF4344AC8C5F60D3DBEC1160 /* [CP] Copy Pods Resources */,
			);
			buildRules = (
			);
			dependencies = (
			);
			name = "Sink or Swim";
			productName = "Sink or Swim";
			productReference = 27051A961F5EF25A0072EBF6 /* Sink or Swim.app */;
			productType = "com.apple.product-type.application";
		};
/* End PBXNativeTarget section */

/* Begin PBXProject section */
		27051A8E1F5EF25A0072EBF6 /* Project object */ = {
			isa = PBXProject;
			attributes = {
				LastSwiftUpdateCheck = 0830;
				LastUpgradeCheck = 0830;
				ORGANIZATIONNAME = "Paul Herz";
				TargetAttributes = {
					27051A951F5EF25A0072EBF6 = {
						CreatedOnToolsVersion = 8.3;
						DevelopmentTeam = M8MME6Q9DA;
						ProvisioningStyle = Automatic;
					};
				};
			};
			buildConfigurationList = 27051A911F5EF25A0072EBF6 /* Build configuration list for PBXProject "Sink or Swim" */;
			compatibilityVersion = "Xcode 3.2";
			developmentRegion = English;
			hasScannedForEncodings = 0;
			knownRegions = (
				en,
				Base,
			);
			mainGroup = 27051A8D1F5EF25A0072EBF6;
			productRefGroup = 27051A971F5EF25A0072EBF6 /* Products */;
			projectDirPath = "";
			projectRoot = "";
			targets = (
				27051A951F5EF25A0072EBF6 /* Sink or Swim */,
			);
		};
/* End PBXProject section */

/* Begin PBXResourcesBuildPhase section */
		27051A941F5EF25A0072EBF6 /* Resources */ = {
			isa = PBXResourcesBuildPhase;
			buildActionMask = 2147483647;
			files = (
				27051AA41F5EF25A0072EBF6 /* LaunchScreen.storyboard in Resources */,
				27051AA11F5EF25A0072EBF6 /* Assets.xcassets in Resources */,
				27051AAC1F5EF2650072EBF6 /* Podfile in Resources */,
				27051A9F1F5EF25A0072EBF6 /* Main.storyboard in Resources */,
			);
			runOnlyForDeploymentPostprocessing = 0;
		};
/* End PBXResourcesBuildPhase section */

/* Begin PBXShellScriptBuildPhase section */
		2D63B0F2660C1A3E9AEAB8C2 /* [CP] Embed Pods Frameworks */ = {
			isa = PBXShellScriptBuildPhase;
			buildActionMask = 2147483647;
			files = (
			);
			inputPaths = (
				"${SRCROOT}/Pods/Target Support Files/Pods-Sink or Swim/Pods-Sink or Swim-frameworks.sh",
				"${BUILT_PRODUCTS_DIR}/Just/Just.framework",
				"${BUILT_PRODUCTS_DIR}/PromiseKit/PromiseKit.framework",
			);
			name = "[CP] Embed Pods Frameworks";
			outputPaths = (
				"${TARGET_BUILD_DIR}/${FRAMEWORKS_FOLDER_PATH}/Just.framework",
				"${TARGET_BUILD_DIR}/${FRAMEWORKS_FOLDER_PATH}/PromiseKit.framework",
			);
			runOnlyForDeploymentPostprocessing = 0;
			shellPath = /bin/sh;
			shellScript = "\"${SRCROOT}/Pods/Target Support Files/Pods-Sink or Swim/Pods-Sink or Swim-frameworks.sh\"\n";
			showEnvVarsInLog = 0;
		};
		80C9F466E143529004637DA5 /* [CP] Check Pods Manifest.lock */ = {
			isa = PBXShellScriptBuildPhase;
			buildActionMask = 2147483647;
			files = (
			);
			inputPaths = (
				"${PODS_PODFILE_DIR_PATH}/Podfile.lock",
				"${PODS_ROOT}/Manifest.lock",
			);
			name = "[CP] Check Pods Manifest.lock";
			outputPaths = (
				"$(DERIVED_FILE_DIR)/Pods-Sink or Swim-checkManifestLockResult.txt",
			);
			runOnlyForDeploymentPostprocessing = 0;
			shellPath = /bin/sh;
			shellScript = "diff \"${PODS_PODFILE_DIR_PATH}/Podfile.lock\" \"${PODS_ROOT}/Manifest.lock\" > /dev/null\nif [ $? != 0 ] ; then\n    # print error to STDERR\n    echo \"error: The sandbox is not in sync with the Podfile.lock. Run 'pod install' or update your CocoaPods installation.\" >&2\n    exit 1\nfi\n# This output is used by Xcode 'outputs' to avoid re-running this script phase.\necho \"SUCCESS\" > \"${SCRIPT_OUTPUT_FILE_0}\"\n";
			showEnvVarsInLog = 0;
		};
		AF4344AC8C5F60D3DBEC1160 /* [CP] Copy Pods Resources */ = {
			isa = PBXShellScriptBuildPhase;
			buildActionMask = 2147483647;
			files = (
			);
			inputPaths = (
			);
			name = "[CP] Copy Pods Resources";
			outputPaths = (
			);
			runOnlyForDeploymentPostprocessing = 0;
			shellPath = /bin/sh;
			shellScript = "\"${SRCROOT}/Pods/Target Support Files/Pods-Sink or Swim/Pods-Sink or Swim-resources.sh\"\n";
			showEnvVarsInLog = 0;
		};
/* End PBXShellScriptBuildPhase section */

/* Begin PBXSourcesBuildPhase section */
		27051A921F5EF25A0072EBF6 /* Sources */ = {
			isa = PBXSourcesBuildPhase;
			buildActionMask = 2147483647;
			files = (
				27D1659C1F5EF44800A57CF0 /* PostListViewController.swift in Sources */,
				27D165AB1F5F06B500A57CF0 /* RedditThing.swift in Sources */,
				27D165AD1F5F06D600A57CF0 /* RedditName.swift in Sources */,
				27D165A91F5F062300A57CF0 /* RedditLink.swift in Sources */,
				27B371A61F61254C004BED17 /* ScrollViewController.swift in Sources */,
				279153D71F622E2F00E1A7C0 /* CustomModalViewController.swift in Sources */,
				279153DA1F622EC300E1A7C0 /* CustomModalView.swift in Sources */,
				27B371A41F610EF0004BED17 /* KitchenSinkViewController.swift in Sources */,
				27051A9A1F5EF25A0072EBF6 /* AppDelegate.swift in Sources */,
				27B371A81F619793004BED17 /* AdvertisementCell.swift in Sources */,
				279153D51F6223FB00E1A7C0 /* PostWebBrowserViewController.swift in Sources */,
				27D1659E1F5EF56F00A57CF0 /* RedditAPI.swift in Sources */,
				27D165A01F5EFC4F00A57CF0 /* LinkCell.swift in Sources */,
			);
			runOnlyForDeploymentPostprocessing = 0;
		};
/* End PBXSourcesBuildPhase section */

/* Begin PBXVariantGroup section */
		27051A9D1F5EF25A0072EBF6 /* Main.storyboard */ = {
			isa = PBXVariantGroup;
			children = (
				27051A9E1F5EF25A0072EBF6 /* Base */,
			);
			name = Main.storyboard;
			sourceTree = "<group>";
		};
		27051AA21F5EF25A0072EBF6 /* LaunchScreen.storyboard */ = {
			isa = PBXVariantGroup;
			children = (
				27051AA31F5EF25A0072EBF6 /* Base */,
			);
			name = LaunchScreen.storyboard;
			sourceTree = "<group>";
		};
/* End PBXVariantGroup section */

/* Begin XCBuildConfiguration section */
		27051AA61F5EF25A0072EBF6 /* Debug */ = {
			isa = XCBuildConfiguration;
			buildSettings = {
				ALWAYS_SEARCH_USER_PATHS = NO;
				CLANG_ANALYZER_NONNULL = YES;
				CLANG_ANALYZER_NUMBER_OBJECT_CONVERSION = YES_AGGRESSIVE;
				CLANG_CXX_LANGUAGE_STANDARD = "gnu++0x";
				CLANG_CXX_LIBRARY = "libc++";
				CLANG_ENABLE_MODULES = YES;
				CLANG_ENABLE_OBJC_ARC = YES;
				CLANG_WARN_BOOL_CONVERSION = YES;
				CLANG_WARN_CONSTANT_CONVERSION = YES;
				CLANG_WARN_DIRECT_OBJC_ISA_USAGE = YES_ERROR;
				CLANG_WARN_DOCUMENTATION_COMMENTS = YES;
				CLANG_WARN_EMPTY_BODY = YES;
				CLANG_WARN_ENUM_CONVERSION = YES;
				CLANG_WARN_INFINITE_RECURSION = YES;
				CLANG_WARN_INT_CONVERSION = YES;
				CLANG_WARN_OBJC_ROOT_CLASS = YES_ERROR;
				CLANG_WARN_SUSPICIOUS_MOVE = YES;
				CLANG_WARN_UNREACHABLE_CODE = YES;
				CLANG_WARN__DUPLICATE_METHOD_MATCH = YES;
				"CODE_SIGN_IDENTITY[sdk=iphoneos*]" = "iPhone Developer";
				COPY_PHASE_STRIP = NO;
				DEBUG_INFORMATION_FORMAT = dwarf;
				ENABLE_STRICT_OBJC_MSGSEND = YES;
				ENABLE_TESTABILITY = YES;
				GCC_C_LANGUAGE_STANDARD = gnu99;
				GCC_DYNAMIC_NO_PIC = NO;
				GCC_NO_COMMON_BLOCKS = YES;
				GCC_OPTIMIZATION_LEVEL = 0;
				GCC_PREPROCESSOR_DEFINITIONS = (
					"DEBUG=1",
					"$(inherited)",
				);
				GCC_WARN_64_TO_32_BIT_CONVERSION = YES;
				GCC_WARN_ABOUT_RETURN_TYPE = YES_ERROR;
				GCC_WARN_UNDECLARED_SELECTOR = YES;
				GCC_WARN_UNINITIALIZED_AUTOS = YES_AGGRESSIVE;
				GCC_WARN_UNUSED_FUNCTION = YES;
				GCC_WARN_UNUSED_VARIABLE = YES;
				IPHONEOS_DEPLOYMENT_TARGET = 10.3;
				MTL_ENABLE_DEBUG_INFO = YES;
				ONLY_ACTIVE_ARCH = YES;
				SDKROOT = iphoneos;
				SWIFT_ACTIVE_COMPILATION_CONDITIONS = DEBUG;
				SWIFT_OPTIMIZATION_LEVEL = "-Onone";
			};
			name = Debug;
		};
		27051AA71F5EF25A0072EBF6 /* Release */ = {
			isa = XCBuildConfiguration;
			buildSettings = {
				ALWAYS_SEARCH_USER_PATHS = NO;
				CLANG_ANALYZER_NONNULL = YES;
				CLANG_ANALYZER_NUMBER_OBJECT_CONVERSION = YES_AGGRESSIVE;
				CLANG_CXX_LANGUAGE_STANDARD = "gnu++0x";
				CLANG_CXX_LIBRARY = "libc++";
				CLANG_ENABLE_MODULES = YES;
				CLANG_ENABLE_OBJC_ARC = YES;
				CLANG_WARN_BOOL_CONVERSION = YES;
				CLANG_WARN_CONSTANT_CONVERSION = YES;
				CLANG_WARN_DIRECT_OBJC_ISA_USAGE = YES_ERROR;
				CLANG_WARN_DOCUMENTATION_COMMENTS = YES;
				CLANG_WARN_EMPTY_BODY = YES;
				CLANG_WARN_ENUM_CONVERSION = YES;
				CLANG_WARN_INFINITE_RECURSION = YES;
				CLANG_WARN_INT_CONVERSION = YES;
				CLANG_WARN_OBJC_ROOT_CLASS = YES_ERROR;
				CLANG_WARN_SUSPICIOUS_MOVE = YES;
				CLANG_WARN_UNREACHABLE_CODE = YES;
				CLANG_WARN__DUPLICATE_METHOD_MATCH = YES;
				"CODE_SIGN_IDENTITY[sdk=iphoneos*]" = "iPhone Developer";
				COPY_PHASE_STRIP = NO;
				DEBUG_INFORMATION_FORMAT = "dwarf-with-dsym";
				ENABLE_NS_ASSERTIONS = NO;
				ENABLE_STRICT_OBJC_MSGSEND = YES;
				GCC_C_LANGUAGE_STANDARD = gnu99;
				GCC_NO_COMMON_BLOCKS = YES;
				GCC_WARN_64_TO_32_BIT_CONVERSION = YES;
				GCC_WARN_ABOUT_RETURN_TYPE = YES_ERROR;
				GCC_WARN_UNDECLARED_SELECTOR = YES;
				GCC_WARN_UNINITIALIZED_AUTOS = YES_AGGRESSIVE;
				GCC_WARN_UNUSED_FUNCTION = YES;
				GCC_WARN_UNUSED_VARIABLE = YES;
				IPHONEOS_DEPLOYMENT_TARGET = 10.3;
				MTL_ENABLE_DEBUG_INFO = NO;
				SDKROOT = iphoneos;
				SWIFT_OPTIMIZATION_LEVEL = "-Owholemodule";
				VALIDATE_PRODUCT = YES;
			};
			name = Release;
		};
		27051AA91F5EF25B0072EBF6 /* Debug */ = {
			isa = XCBuildConfiguration;
			baseConfigurationReference = 6B08648F34B79F48DA1235FF /* Pods-Sink or Swim.debug.xcconfig */;
			buildSettings = {
				ASSETCATALOG_COMPILER_APPICON_NAME = AppIcon;
				DEVELOPMENT_TEAM = M8MME6Q9DA;
				INFOPLIST_FILE = "Sink or Swim/Info.plist";
				LD_RUNPATH_SEARCH_PATHS = "$(inherited) @executable_path/Frameworks";
				PRODUCT_BUNDLE_IDENTIFIER = "com.paulherz.Sink-or-Swim";
				PRODUCT_NAME = "$(TARGET_NAME)";
				SWIFT_VERSION = 3.0;
			};
			name = Debug;
		};
		27051AAA1F5EF25B0072EBF6 /* Release */ = {
			isa = XCBuildConfiguration;
			baseConfigurationReference = 216F81F46E3C0768412FCD69 /* Pods-Sink or Swim.release.xcconfig */;
			buildSettings = {
				ASSETCATALOG_COMPILER_APPICON_NAME = AppIcon;
				DEVELOPMENT_TEAM = M8MME6Q9DA;
				INFOPLIST_FILE = "Sink or Swim/Info.plist";
				LD_RUNPATH_SEARCH_PATHS = "$(inherited) @executable_path/Frameworks";
				PRODUCT_BUNDLE_IDENTIFIER = "com.paulherz.Sink-or-Swim";
				PRODUCT_NAME = "$(TARGET_NAME)";
				SWIFT_VERSION = 3.0;
			};
			name = Release;
		};
/* End XCBuildConfiguration section */

/* Begin XCConfigurationList section */
		27051A911F5EF25A0072EBF6 /* Build configuration list for PBXProject "Sink or Swim" */ = {
			isa = XCConfigurationList;
			buildConfigurations = (
				27051AA61F5EF25A0072EBF6 /* Debug */,
				27051AA71F5EF25A0072EBF6 /* Release */,
			);
			defaultConfigurationIsVisible = 0;
			defaultConfigurationName = Release;
		};
		27051AA81F5EF25B0072EBF6 /* Build configuration list for PBXNativeTarget "Sink or Swim" */ = {
			isa = XCConfigurationList;
			buildConfigurations = (
				27051AA91F5EF25B0072EBF6 /* Debug */,
				27051AAA1F5EF25B0072EBF6 /* Release */,
			);
			defaultConfigurationIsVisible = 0;
			defaultConfigurationName = Release;
		};
/* End XCConfigurationList section */
	};
	rootObject = 27051A8E1F5EF25A0072EBF6 /* Project object */;
}
